{
  "version": "2",
  "remote": {
    "https://deno.land/std@0.188.0/_util/asserts.ts": "178dfc49a464aee693a7e285567b3d0b555dc805ff490505a8aae34f9cfb1462",
    "https://deno.land/std@0.188.0/_util/os.ts": "d932f56d41e4f6a6093d56044e29ce637f8dcc43c5a90af43504a889cf1775e3",
    "https://deno.land/std@0.188.0/flags/mod.ts": "17f444ddbee43c5487568de0c6a076c7729cfe90d96d2ffcd2b8f8adadafb6e8",
    "https://deno.land/std@0.188.0/fmt/colors.ts": "d67e3cd9f472535241a8e410d33423980bec45047e343577554d3356e1f0ef4e",
    "https://deno.land/std@0.188.0/fs/exists.ts": "29c26bca8584a22876be7cb8844f1b6c8fc35e9af514576b78f5c6884d7ed02d",
    "https://deno.land/std@0.188.0/json/common.ts": "ecd5e87d45b5f0df33238ed8b1746e1444da7f5c86ae53d0f0b04280f41a25bb",
    "https://deno.land/std@0.188.0/jsonc/mod.ts": "b88dce28eb3645667caa856538ae2fe87af51410822544a0b45a4177ef3bd7dd",
    "https://deno.land/std@0.188.0/jsonc/parse.ts": "2910e33bc7c3b243e3b6f3a39ce4d6ca84337b277a8df6f2ad2d9e4adbcddc08",
    "https://deno.land/std@0.188.0/path/_constants.ts": "e49961f6f4f48039c0dfed3c3f93e963ca3d92791c9d478ac5b43183413136e0",
    "https://deno.land/std@0.188.0/path/_interface.ts": "6471159dfbbc357e03882c2266d21ef9afdb1e4aa771b0545e90db58a0ba314b",
    "https://deno.land/std@0.188.0/path/_util.ts": "d7abb1e0dea065f427b89156e28cdeb32b045870acdf865833ba808a73b576d0",
    "https://deno.land/std@0.188.0/path/common.ts": "ee7505ab01fd22de3963b64e46cff31f40de34f9f8de1fff6a1bd2fe79380000",
    "https://deno.land/std@0.188.0/path/glob.ts": "d479e0a695621c94d3fd7fe7abd4f9499caf32a8de13f25073451c6ef420a4e1",
    "https://deno.land/std@0.188.0/path/mod.ts": "ee161baec5ded6510ee1d1fb6a75a0f5e4b41f3f3301c92c716ecbdf7dae910d",
    "https://deno.land/std@0.188.0/path/posix.ts": "8b7c67ac338714b30c816079303d0285dd24af6b284f7ad63da5b27372a2c94d",
    "https://deno.land/std@0.188.0/path/separator.ts": "0fb679739d0d1d7bf45b68dacfb4ec7563597a902edbaf3c59b50d5bcadd93b1",
    "https://deno.land/std@0.188.0/path/win32.ts": "d186344e5583bcbf8b18af416d13d82b35a317116e6460a5a3953508c3de5bba",
    "https://deno.land/std@0.188.0/semver/mod.ts": "200f50cf6872212667df532fb09f0b1a33d3427a5201f75fad30a0d0c6dbcce3",
    "https://deno.land/std@0.188.0/testing/_diff.ts": "1a3c044aedf77647d6cac86b798c6417603361b66b54c53331b312caeb447aea",
    "https://deno.land/std@0.188.0/testing/_format.ts": "a69126e8a469009adf4cf2a50af889aca364c349797e63174884a52ff75cf4c7",
    "https://deno.land/std@0.188.0/testing/asserts.ts": "e16d98b4d73ffc4ed498d717307a12500ae4f2cbe668f1a215632d19fcffc22f",
    "https://deno.land/x/deno_dom@v0.1.38/build/deno-wasm/deno-wasm.js": "98b1ad24a1c13284557917659402202e5c5258ab1431b3f3a82434ad36ffa05a",
    "https://deno.land/x/deno_dom@v0.1.38/deno-dom-wasm-noinit.ts": "f8798dbf3b3c54d16ec4d22c16e3c63e17f012b6b360179275b1999d8947182f",
    "https://deno.land/x/deno_dom@v0.1.38/deno-dom-wasm.ts": "bfd999a493a6974e9fca4d331bee03bfb68cfc600c662cd0b48b21d67a2a8ba0",
    "https://deno.land/x/deno_dom@v0.1.38/src/api.ts": "0ff5790f0a3eeecb4e00b7d8fbfa319b165962cf6d0182a65ba90f158d74f7d7",
    "https://deno.land/x/deno_dom@v0.1.38/src/constructor-lock.ts": "59714df7e0571ec7bd338903b1f396202771a6d4d7f55a452936bd0de9deb186",
    "https://deno.land/x/deno_dom@v0.1.38/src/deserialize.ts": "f4d34514ca00473ca428b69ad437ba345925744b5d791cb9552e2d7a0e7b0439",
    "https://deno.land/x/deno_dom@v0.1.38/src/dom/document-fragment.ts": "a40c6e18dd0efcf749a31552c1c9a6f7fa614452245e86ee38fc92ba0235e5ae",
    "https://deno.land/x/deno_dom@v0.1.38/src/dom/document.ts": "b8f4e4ccabaaa063d6562a0f2f8dea9c0419515d63d8bd79bfde95f7cd64bd93",
    "https://deno.land/x/deno_dom@v0.1.38/src/dom/dom-parser.ts": "609097b426f8c2358f3e5d2bca55ed026cf26cdf86562e94130dfdb0f2537f92",
    "https://deno.land/x/deno_dom@v0.1.38/src/dom/element.ts": "77c454e228dfeb5c570da5aa61d91850400116bfa0f5a85505acdd3c667171a4",
    "https://deno.land/x/deno_dom@v0.1.38/src/dom/elements/html-template-element.ts": "127bb291bb08afeb7e9a66294a5aa6ff2780f4eb4601fa6f7869fe8b70a81472",
    "https://deno.land/x/deno_dom@v0.1.38/src/dom/html-collection.ts": "ae90197f5270c32074926ad6cf30ee07d274d44596c7e413c354880cebce8565",
    "https://deno.land/x/deno_dom@v0.1.38/src/dom/node-list.ts": "4c6e4b4585301d4147addaccd90cb5f5a80e8d6290a1ba7058c5e3dfea16e15d",
    "https://deno.land/x/deno_dom@v0.1.38/src/dom/node.ts": "3069e6fc93ac4111a136ed68199d76673339842b9751610ba06f111ba7dc10a7",
    "https://deno.land/x/deno_dom@v0.1.38/src/dom/selectors/custom-api.ts": "852696bd58e534bc41bd3be9e2250b60b67cd95fd28ed16b1deff1d548531a71",
    "https://deno.land/x/deno_dom@v0.1.38/src/dom/selectors/nwsapi-types.ts": "c43b36c36acc5d32caabaa54fda8c9d239b2b0fcbce9a28efb93c84aa1021698",
    "https://deno.land/x/deno_dom@v0.1.38/src/dom/selectors/nwsapi.js": "985d7d8fc1eabbb88946b47a1c44c1b2d4aa79ff23c21424219f1528fa27a2ff",
    "https://deno.land/x/deno_dom@v0.1.38/src/dom/selectors/selectors.ts": "83eab57be2290fb48e3130533448c93c6c61239f2a2f3b85f1917f80ca0fdc75",
    "https://deno.land/x/deno_dom@v0.1.38/src/dom/selectors/sizzle-types.ts": "78149e2502409989ce861ed636b813b059e16bc267bb543e7c2b26ef43e4798b",
    "https://deno.land/x/deno_dom@v0.1.38/src/dom/selectors/sizzle.js": "c3aed60c1045a106d8e546ac2f85cc82e65f62d9af2f8f515210b9212286682a",
    "https://deno.land/x/deno_dom@v0.1.38/src/dom/utils-types.ts": "96db30e3e4a75b194201bb9fa30988215da7f91b380fca6a5143e51ece2a8436",
    "https://deno.land/x/deno_dom@v0.1.38/src/dom/utils.ts": "55f3e9dc71d6c4a54605888d3f99d26fb0cf9973924709f159252a6933ceeabe",
    "https://deno.land/x/deno_dom@v0.1.38/src/parser.ts": "b65eb7e673fa7ca611de871de109655f0aa9fa35ddc1de73df1a5fc2baafc332",
    "https://deno.land/x/sqlite@v3.7.2/build/sqlite.d.ts": "d724a21a588a0e19ae46a3476349fe5d75e896735e7362ea8cf997ffad35d0f9",
    "https://deno.land/x/sqlite@v3.7.2/build/sqlite.js": "c59f109f100c2bae0b9342f04e0d400583e2e3211d08bb71095177a4109ee5bf",
    "https://deno.land/x/sqlite@v3.7.2/build/vfs.js": "08533cc78fb29b9d9bd62f6bb93e5ef333407013fed185776808f11223ba0e70",
    "https://deno.land/x/sqlite@v3.7.2/mod.ts": "e09fc79d8065fe222578114b109b1fd60077bff1bb75448532077f784f4d6a83",
    "https://deno.land/x/sqlite@v3.7.2/src/constants.ts": "90f3be047ec0a89bcb5d6fc30db121685fc82cb00b1c476124ff47a4b0472aa9",
    "https://deno.land/x/sqlite@v3.7.2/src/db.ts": "62f3ad4d593c07e7c64fbbd97da6b4579ea695f8d11d52d899661e9d42a400fd",
    "https://deno.land/x/sqlite@v3.7.2/src/error.ts": "f7a15cb00d7c3797da1aefee3cf86d23e0ae92e73f0ba3165496c3816ab9503a",
    "https://deno.land/x/sqlite@v3.7.2/src/function.ts": "e4c83b8ec64bf88bafad2407376b0c6a3b54e777593c70336fb40d43a79865f2",
    "https://deno.land/x/sqlite@v3.7.2/src/query.ts": "d58abda928f6582d77bad685ecf551b1be8a15e8e38403e293ec38522e030cad",
    "https://deno.land/x/sqlite@v3.7.2/src/wasm.ts": "e79d0baa6e42423257fb3c7cc98091c54399254867e0f34a09b5bdef37bd9487",
    "https://deno.land/x/zipjs@v2.7.14/index.d.ts": "f1c412d1721597eafd2b665ec002ddfb982a8818e32fb6a4d3cab1a86134db40",
    "https://deno.land/x/zipjs@v2.7.14/index.js": "7c71926e0c9618e48a22d9dce701131704fd3148a1d2eefd5dba1d786c846a5f",
    "https://deno.land/x/zipjs@v2.7.14/lib/core/codec-pool.js": "e5ab8ee3ec800ed751ef1c63a1bd8e50f162aa256a5f625d173d7a32e76e828c",
    "https://deno.land/x/zipjs@v2.7.14/lib/core/codec-worker.js": "396e281865a87b708a08d212661f239b8f2dd4ae0d936ff4a681bbbf79a1cc32",
    "https://deno.land/x/zipjs@v2.7.14/lib/core/configuration.js": "baa316a63df2f8239f9d52cd4863eaedaddd34ad887b7513588da75d19e84932",
    "https://deno.land/x/zipjs@v2.7.14/lib/core/constants.js": "c1aff78c6b9378b26ab4330e85032160ebf1f2d09a99e5e6907626f816e88908",
    "https://deno.land/x/zipjs@v2.7.14/lib/core/io.js": "552aa60c7bdae34081a94e6e27cb0515bde7398187fd02eb7d71408698f22f25",
    "https://deno.land/x/zipjs@v2.7.14/lib/core/streams/aes-crypto-stream.js": "63988c9f3ce1e043c80e6eb140ebb07bf2ab543ee9a85349651ab74b96aab2cf",
    "https://deno.land/x/zipjs@v2.7.14/lib/core/streams/codec-stream.js": "685f1120b94b6295dcd61b195d6202cd24a5344e4588dc52f42e8ac0f9dfe294",
    "https://deno.land/x/zipjs@v2.7.14/lib/core/streams/codecs/crc32.js": "dfdde666f72b4a5ffc8cf5b1451e0db578ce4bd90de20df2cff5bfd47758cb23",
    "https://deno.land/x/zipjs@v2.7.14/lib/core/streams/codecs/deflate.js": "08c1b24d1845528f6db296570d690ecbe23c6c01c6cb26b561e601e770281c3a",
    "https://deno.land/x/zipjs@v2.7.14/lib/core/streams/codecs/inflate.js": "55d00eed332cf2c4f61e2ee23133e3257768d0608572ee3f9641a2921c3a6f67",
    "https://deno.land/x/zipjs@v2.7.14/lib/core/streams/codecs/sjcl.js": "462289c5312f01bba8a757a7a0f3d8f349f471183cb4c49fb73d58bba18a5428",
    "https://deno.land/x/zipjs@v2.7.14/lib/core/streams/common-crypto.js": "4d462619848d94427fcd486fd94e5c0741af60e476df6720da8224b086eba47e",
    "https://deno.land/x/zipjs@v2.7.14/lib/core/streams/crc32-stream.js": "10e26bd18df0e1e89d61a62827a1a1c19f4e541636dd0eccbd85af3afabce289",
    "https://deno.land/x/zipjs@v2.7.14/lib/core/streams/stream-adapter.js": "9e7f3fe1601cc447943cd37b5adb6d74c6e9c404d002e707e8eace7bc048929c",
    "https://deno.land/x/zipjs@v2.7.14/lib/core/streams/zip-crypto-stream.js": "19305af1e8296e7fa6763f3391d0b8149a1e09c659e1d1ff32a484448b18243c",
    "https://deno.land/x/zipjs@v2.7.14/lib/core/streams/zip-entry-stream.js": "fff940b1aefa0cb95962634ab6a52df835361541b454e77747e878bcef17cd9e",
    "https://deno.land/x/zipjs@v2.7.14/lib/core/util/cp437-decode.js": "d665ded184037ffe5d255be8f379f90416053e3d0d84fac95b28f4aeaab3d336",
    "https://deno.land/x/zipjs@v2.7.14/lib/core/util/decode-text.js": "c04a098fa7c16470c48b6abd4eb4ac48af53547de65e7c8f39b78ae62330ad57",
    "https://deno.land/x/zipjs@v2.7.14/lib/core/util/default-mime-type.js": "177ae00e1956d3d00cdefc40eb158cb591d3d24ede452c056d30f98d73d9cd73",
    "https://deno.land/x/zipjs@v2.7.14/lib/core/util/encode-text.js": "c51a8947c15b7fe31b0036b69fd68817f54b30ce29502b5c9609d8b15e3b20d9",
    "https://deno.land/x/zipjs@v2.7.14/lib/core/util/mime-type.js": "7e4f0d516923f7dcf5cd14a0d06e2b7af9dacd160c707afac82f3ce6c69ae287",
    "https://deno.land/x/zipjs@v2.7.14/lib/core/util/stream-codec-shim.js": "845c0659c6ab9ed9b03cae452255e4e0a699001e8b45ccae23cb0ece5f91064c",
    "https://deno.land/x/zipjs@v2.7.14/lib/core/zip-entry.js": "d30a535cd1e75ef98094cd04120f178c103cdc4055d23ff747ffc6a154da8d2d",
    "https://deno.land/x/zipjs@v2.7.14/lib/core/zip-fs-core.js": "fa57704140bdd73b991917ed63c660b95e8d228e00b519d6bfb592f4e419cb7f",
    "https://deno.land/x/zipjs@v2.7.14/lib/core/zip-reader.js": "b3b17325500ea5f06f3828f82a844f514afeb424969f013318cc939f69d94d3b",
    "https://deno.land/x/zipjs@v2.7.14/lib/core/zip-writer.js": "34809b421f5deb497ce8cabec730af858c12dde54a6205c78b5591460785dc1e",
    "https://deno.land/x/zipjs@v2.7.14/lib/z-worker-inline.js": "df83d91413a2e79f76924f39f26f59e6efbe8f5487d3a91b7e92b6d64236927c",
    "https://deno.land/x/zipjs@v2.7.14/lib/zip-fs.js": "a733360302f5fbec9cc01543cb9fcfe7bae3f35a50d0006626ce42fe8183b63f"
  }
}
