{
  "version": "2",
  "remote": {
    "https://deno.land/std@0.140.0/_util/assert.ts": "e94f2eb37cebd7f199952e242c77654e43333c1ac4c5c700e929ea3aa5489f74",
    "https://deno.land/std@0.140.0/_util/os.ts": "3b4c6e27febd119d36a416d7a97bd3b0251b77c88942c8f16ee5953ea13e2e49",
    "https://deno.land/std@0.140.0/fs/_util.ts": "0fb24eb4bfebc2c194fb1afdb42b9c3dda12e368f43e8f2321f84fc77d42cb0f",
    "https://deno.land/std@0.140.0/fs/ensure_dir.ts": "9dc109c27df4098b9fc12d949612ae5c9c7169507660dcf9ad90631833209d9d",
    "https://deno.land/std@0.140.0/fs/expand_glob.ts": "0c10130d67c9b02164b03df8e43c6d6defbf8e395cb69d09e84a8586e6d72ac3",
    "https://deno.land/std@0.140.0/fs/walk.ts": "117403ccd21fd322febe56ba06053b1ad5064c802170f19b1ea43214088fe95f",
    "https://deno.land/std@0.140.0/path/_constants.ts": "df1db3ffa6dd6d1252cc9617e5d72165cd2483df90e93833e13580687b6083c3",
    "https://deno.land/std@0.140.0/path/_interface.ts": "ee3b431a336b80cf445441109d089b70d87d5e248f4f90ff906820889ecf8d09",
    "https://deno.land/std@0.140.0/path/_util.ts": "c1e9686d0164e29f7d880b2158971d805b6e0efc3110d0b3e24e4b8af2190d2b",
    "https://deno.land/std@0.140.0/path/common.ts": "bee563630abd2d97f99d83c96c2fa0cca7cee103e8cb4e7699ec4d5db7bd2633",
    "https://deno.land/std@0.140.0/path/glob.ts": "cb5255638de1048973c3e69e420c77dc04f75755524cb3b2e160fe9277d939ee",
    "https://deno.land/std@0.140.0/path/mod.ts": "d3e68d0abb393fb0bf94a6d07c46ec31dc755b544b13144dee931d8d5f06a52d",
    "https://deno.land/std@0.140.0/path/posix.ts": "293cdaec3ecccec0a9cc2b534302dfe308adb6f10861fa183275d6695faace44",
    "https://deno.land/std@0.140.0/path/separator.ts": "fe1816cb765a8068afb3e8f13ad272351c85cbc739af56dacfc7d93d710fe0f9",
    "https://deno.land/std@0.140.0/path/win32.ts": "31811536855e19ba37a999cd8d1b62078235548d67902ece4aa6b814596dd757",
    "https://deno.land/std@0.173.0/_util/asserts.ts": "178dfc49a464aee693a7e285567b3d0b555dc805ff490505a8aae34f9cfb1462",
    "https://deno.land/std@0.173.0/_util/os.ts": "d932f56d41e4f6a6093d56044e29ce637f8dcc43c5a90af43504a889cf1775e3",
    "https://deno.land/std@0.173.0/path/_constants.ts": "e49961f6f4f48039c0dfed3c3f93e963ca3d92791c9d478ac5b43183413136e0",
    "https://deno.land/std@0.173.0/path/_interface.ts": "6471159dfbbc357e03882c2266d21ef9afdb1e4aa771b0545e90db58a0ba314b",
    "https://deno.land/std@0.173.0/path/_util.ts": "86c2375a996c1931b2f2ac71fefd5ddf0cf0e579fa4ab12d3e4c552d4223b8d8",
    "https://deno.land/std@0.173.0/path/common.ts": "ee7505ab01fd22de3963b64e46cff31f40de34f9f8de1fff6a1bd2fe79380000",
    "https://deno.land/std@0.173.0/path/glob.ts": "d479e0a695621c94d3fd7fe7abd4f9499caf32a8de13f25073451c6ef420a4e1",
    "https://deno.land/std@0.173.0/path/mod.ts": "4b83694ac500d7d31b0cdafc927080a53dc0c3027eb2895790fb155082b0d232",
    "https://deno.land/std@0.173.0/path/posix.ts": "0874b341c2c6968ca38d323338b8b295ea1dae10fa872a768d812e2e7d634789",
    "https://deno.land/std@0.173.0/path/separator.ts": "0fb679739d0d1d7bf45b68dacfb4ec7563597a902edbaf3c59b50d5bcadd93b1",
    "https://deno.land/std@0.173.0/path/win32.ts": "672942919dd66ce1b8c224e77d3447e2ad8254eaff13fe6946420a9f78fa141e",
    "https://deno.land/std@0.178.0/_util/asserts.ts": "178dfc49a464aee693a7e285567b3d0b555dc805ff490505a8aae34f9cfb1462",
    "https://deno.land/std@0.178.0/_util/os.ts": "d932f56d41e4f6a6093d56044e29ce637f8dcc43c5a90af43504a889cf1775e3",
    "https://deno.land/std@0.178.0/async/abortable.ts": "73acfb3ed7261ce0d930dbe89e43db8d34e017b063cf0eaa7d215477bf53442e",
    "https://deno.land/std@0.178.0/async/deadline.ts": "c5facb0b404eede83e38bd2717ea8ab34faa2ffb20ef87fd261fcba32ba307aa",
    "https://deno.land/std@0.178.0/async/debounce.ts": "adab11d04ca38d699444ac8a9d9856b4155e8dda2afd07ce78276c01ea5a4332",
    "https://deno.land/std@0.178.0/async/deferred.ts": "42790112f36a75a57db4a96d33974a936deb7b04d25c6084a9fa8a49f135def8",
    "https://deno.land/std@0.178.0/async/delay.ts": "73aa04cec034c84fc748c7be49bb15cac3dd43a57174bfdb7a4aec22c248f0dd",
    "https://deno.land/std@0.178.0/async/mod.ts": "f04344fa21738e5ad6bea37a6bfffd57c617c2d372bb9f9dcfd118a1b622e576",
    "https://deno.land/std@0.178.0/async/mux_async_iterator.ts": "70c7f2ee4e9466161350473ad61cac0b9f115cff4c552eaa7ef9d50c4cbb4cc9",
    "https://deno.land/std@0.178.0/async/pool.ts": "fd082bd4aaf26445909889435a5c74334c017847842ec035739b4ae637ae8260",
    "https://deno.land/std@0.178.0/async/retry.ts": "5efa3ba450ac0c07a40a82e2df296287b5013755d232049efd7ea2244f15b20f",
    "https://deno.land/std@0.178.0/async/tee.ts": "47e42d35f622650b02234d43803d0383a89eb4387e1b83b5a40106d18ae36757",
    "https://deno.land/std@0.178.0/crypto/to_hash_string.ts": "fe4e95239d7afb617f469bc2f76ff20f888ddb8d1385e0d92276f6e4d5a809d1",
    "https://deno.land/std@0.178.0/encoding/base64.ts": "7de04c2f8aeeb41453b09b186480be90f2ff357613b988e99fabb91d2eeceba1",
    "https://deno.land/std@0.178.0/encoding/hex.ts": "50f8c95b52eae24395d3dfcb5ec1ced37c5fe7610ef6fffdcc8b0fdc38e3b32f",
    "https://deno.land/std@0.178.0/flags/mod.ts": "d1cdefa18472ef69858a17df5cf7c98445ed27ac10e1460183081303b0ebc270",
    "https://deno.land/std@0.178.0/fs/_util.ts": "65381f341af1ff7f40198cee15c20f59951ac26e51ddc651c5293e24f9ce6f32",
    "https://deno.land/std@0.178.0/fs/walk.ts": "ea95ffa6500c1eda6b365be488c056edc7c883a1db41ef46ec3bf057b1c0fe32",
    "https://deno.land/std@0.178.0/http/http_status.ts": "8a7bcfe3ac025199ad804075385e57f63d055b2aed539d943ccc277616d6f932",
    "https://deno.land/std@0.178.0/http/server.ts": "cbb17b594651215ba95c01a395700684e569c165a567e4e04bba327f41197433",
    "https://deno.land/std@0.178.0/media_types/_db.ts": "7606d83e31f23ce1a7968cbaee852810c2cf477903a095696cdc62eaab7ce570",
    "https://deno.land/std@0.178.0/media_types/_util.ts": "916efbd30b6148a716f110e67a4db29d6949bf4048997b754415dd7e42c52378",
    "https://deno.land/std@0.178.0/media_types/content_type.ts": "c682589a0aeb016bfed355cc1ed6fbb3ead2ea48fc0000ac5de6a5730613ad1c",
    "https://deno.land/std@0.178.0/media_types/extension.ts": "7a4ef2813d7182f724a941f38161525996e4a67abc3cf6a0f9bc2168d73a0f0e",
    "https://deno.land/std@0.178.0/media_types/extensions_by_type.ts": "4358023feac696e6e9d49c0f1e76a859f03ca254df57812f31f8536890c3a443",
    "https://deno.land/std@0.178.0/media_types/format_media_type.ts": "1e35e16562e5c417401ffc388a9f8f421f97f0ee06259cbe990c51bae4e6c7a8",
    "https://deno.land/std@0.178.0/media_types/get_charset.ts": "8be15a1fd31a545736b91ace56d0e4c66ea0d7b3fdc5c90760e8202e7b4b1fad",
    "https://deno.land/std@0.178.0/media_types/mod.ts": "d3f0b99f85053bc0b98ecc24eaa3546dfa09b856dc0bbaf60d8956d2cdd710c8",
    "https://deno.land/std@0.178.0/media_types/parse_media_type.ts": "bed260d868ea271445ae41d748e7afed9b5a7f407d2777ead08cecf73e9278de",
    "https://deno.land/std@0.178.0/media_types/type_by_extension.ts": "6076a7fc63181d70f92ec582fdea2c927eb2cfc7f9c9bee9d6add2aca86f2355",
    "https://deno.land/std@0.178.0/media_types/vendor/mime-db.v1.52.0.ts": "6925bbcae81ca37241e3f55908d0505724358cda3384eaea707773b2c7e99586",
    "https://deno.land/std@0.178.0/path/_constants.ts": "e49961f6f4f48039c0dfed3c3f93e963ca3d92791c9d478ac5b43183413136e0",
    "https://deno.land/std@0.178.0/path/_interface.ts": "6471159dfbbc357e03882c2266d21ef9afdb1e4aa771b0545e90db58a0ba314b",
    "https://deno.land/std@0.178.0/path/_util.ts": "d7abb1e0dea065f427b89156e28cdeb32b045870acdf865833ba808a73b576d0",
    "https://deno.land/std@0.178.0/path/common.ts": "ee7505ab01fd22de3963b64e46cff31f40de34f9f8de1fff6a1bd2fe79380000",
    "https://deno.land/std@0.178.0/path/glob.ts": "d479e0a695621c94d3fd7fe7abd4f9499caf32a8de13f25073451c6ef420a4e1",
    "https://deno.land/std@0.178.0/path/mod.ts": "4b83694ac500d7d31b0cdafc927080a53dc0c3027eb2895790fb155082b0d232",
    "https://deno.land/std@0.178.0/path/posix.ts": "8b7c67ac338714b30c816079303d0285dd24af6b284f7ad63da5b27372a2c94d",
    "https://deno.land/std@0.178.0/path/separator.ts": "0fb679739d0d1d7bf45b68dacfb4ec7563597a902edbaf3c59b50d5bcadd93b1",
    "https://deno.land/std@0.178.0/path/win32.ts": "d186344e5583bcbf8b18af416d13d82b35a317116e6460a5a3953508c3de5bba",
    "https://deno.land/std@0.178.0/semver/mod.ts": "409a2691f5a411c34e917c1e6d445a6d1d53f3fadf660e44a99dd0bf9b2ef412",
    "https://deno.land/std@0.188.0/_util/asserts.ts": "178dfc49a464aee693a7e285567b3d0b555dc805ff490505a8aae34f9cfb1462",
    "https://deno.land/std@0.188.0/_util/os.ts": "d932f56d41e4f6a6093d56044e29ce637f8dcc43c5a90af43504a889cf1775e3",
    "https://deno.land/std@0.188.0/flags/mod.ts": "17f444ddbee43c5487568de0c6a076c7729cfe90d96d2ffcd2b8f8adadafb6e8",
    "https://deno.land/std@0.188.0/fmt/colors.ts": "d67e3cd9f472535241a8e410d33423980bec45047e343577554d3356e1f0ef4e",
    "https://deno.land/std@0.188.0/fs/exists.ts": "29c26bca8584a22876be7cb8844f1b6c8fc35e9af514576b78f5c6884d7ed02d",
    "https://deno.land/std@0.188.0/json/common.ts": "ecd5e87d45b5f0df33238ed8b1746e1444da7f5c86ae53d0f0b04280f41a25bb",
    "https://deno.land/std@0.188.0/jsonc/mod.ts": "b88dce28eb3645667caa856538ae2fe87af51410822544a0b45a4177ef3bd7dd",
    "https://deno.land/std@0.188.0/jsonc/parse.ts": "2910e33bc7c3b243e3b6f3a39ce4d6ca84337b277a8df6f2ad2d9e4adbcddc08",
    "https://deno.land/std@0.188.0/path/_constants.ts": "e49961f6f4f48039c0dfed3c3f93e963ca3d92791c9d478ac5b43183413136e0",
    "https://deno.land/std@0.188.0/path/_interface.ts": "6471159dfbbc357e03882c2266d21ef9afdb1e4aa771b0545e90db58a0ba314b",
    "https://deno.land/std@0.188.0/path/_util.ts": "d7abb1e0dea065f427b89156e28cdeb32b045870acdf865833ba808a73b576d0",
    "https://deno.land/std@0.188.0/path/common.ts": "ee7505ab01fd22de3963b64e46cff31f40de34f9f8de1fff6a1bd2fe79380000",
    "https://deno.land/std@0.188.0/path/glob.ts": "d479e0a695621c94d3fd7fe7abd4f9499caf32a8de13f25073451c6ef420a4e1",
    "https://deno.land/std@0.188.0/path/mod.ts": "ee161baec5ded6510ee1d1fb6a75a0f5e4b41f3f3301c92c716ecbdf7dae910d",
    "https://deno.land/std@0.188.0/path/posix.ts": "8b7c67ac338714b30c816079303d0285dd24af6b284f7ad63da5b27372a2c94d",
    "https://deno.land/std@0.188.0/path/separator.ts": "0fb679739d0d1d7bf45b68dacfb4ec7563597a902edbaf3c59b50d5bcadd93b1",
    "https://deno.land/std@0.188.0/path/win32.ts": "d186344e5583bcbf8b18af416d13d82b35a317116e6460a5a3953508c3de5bba",
    "https://deno.land/std@0.188.0/semver/mod.ts": "200f50cf6872212667df532fb09f0b1a33d3427a5201f75fad30a0d0c6dbcce3",
    "https://deno.land/std@0.188.0/testing/_diff.ts": "1a3c044aedf77647d6cac86b798c6417603361b66b54c53331b312caeb447aea",
    "https://deno.land/std@0.188.0/testing/_format.ts": "a69126e8a469009adf4cf2a50af889aca364c349797e63174884a52ff75cf4c7",
    "https://deno.land/std@0.188.0/testing/asserts.ts": "e16d98b4d73ffc4ed498d717307a12500ae4f2cbe668f1a215632d19fcffc22f",
    "https://deno.land/x/code_block_writer@11.0.3/mod.ts": "2c3448060e47c9d08604c8f40dee34343f553f33edcdfebbf648442be33205e5",
    "https://deno.land/x/code_block_writer@11.0.3/utils/string_utils.ts": "60cb4ec8bd335bf241ef785ccec51e809d576ff8e8d29da43d2273b69ce2a6ff",
    "https://deno.land/x/deno_dom@v0.1.38/build/deno-wasm/deno-wasm.js": "98b1ad24a1c13284557917659402202e5c5258ab1431b3f3a82434ad36ffa05a",
    "https://deno.land/x/deno_dom@v0.1.38/deno-dom-wasm-noinit.ts": "f8798dbf3b3c54d16ec4d22c16e3c63e17f012b6b360179275b1999d8947182f",
    "https://deno.land/x/deno_dom@v0.1.38/deno-dom-wasm.ts": "bfd999a493a6974e9fca4d331bee03bfb68cfc600c662cd0b48b21d67a2a8ba0",
    "https://deno.land/x/deno_dom@v0.1.38/src/api.ts": "0ff5790f0a3eeecb4e00b7d8fbfa319b165962cf6d0182a65ba90f158d74f7d7",
    "https://deno.land/x/deno_dom@v0.1.38/src/constructor-lock.ts": "59714df7e0571ec7bd338903b1f396202771a6d4d7f55a452936bd0de9deb186",
    "https://deno.land/x/deno_dom@v0.1.38/src/deserialize.ts": "f4d34514ca00473ca428b69ad437ba345925744b5d791cb9552e2d7a0e7b0439",
    "https://deno.land/x/deno_dom@v0.1.38/src/dom/document-fragment.ts": "a40c6e18dd0efcf749a31552c1c9a6f7fa614452245e86ee38fc92ba0235e5ae",
    "https://deno.land/x/deno_dom@v0.1.38/src/dom/document.ts": "b8f4e4ccabaaa063d6562a0f2f8dea9c0419515d63d8bd79bfde95f7cd64bd93",
    "https://deno.land/x/deno_dom@v0.1.38/src/dom/dom-parser.ts": "609097b426f8c2358f3e5d2bca55ed026cf26cdf86562e94130dfdb0f2537f92",
    "https://deno.land/x/deno_dom@v0.1.38/src/dom/element.ts": "77c454e228dfeb5c570da5aa61d91850400116bfa0f5a85505acdd3c667171a4",
    "https://deno.land/x/deno_dom@v0.1.38/src/dom/elements/html-template-element.ts": "127bb291bb08afeb7e9a66294a5aa6ff2780f4eb4601fa6f7869fe8b70a81472",
    "https://deno.land/x/deno_dom@v0.1.38/src/dom/html-collection.ts": "ae90197f5270c32074926ad6cf30ee07d274d44596c7e413c354880cebce8565",
    "https://deno.land/x/deno_dom@v0.1.38/src/dom/node-list.ts": "4c6e4b4585301d4147addaccd90cb5f5a80e8d6290a1ba7058c5e3dfea16e15d",
    "https://deno.land/x/deno_dom@v0.1.38/src/dom/node.ts": "3069e6fc93ac4111a136ed68199d76673339842b9751610ba06f111ba7dc10a7",
    "https://deno.land/x/deno_dom@v0.1.38/src/dom/selectors/custom-api.ts": "852696bd58e534bc41bd3be9e2250b60b67cd95fd28ed16b1deff1d548531a71",
    "https://deno.land/x/deno_dom@v0.1.38/src/dom/selectors/nwsapi-types.ts": "c43b36c36acc5d32caabaa54fda8c9d239b2b0fcbce9a28efb93c84aa1021698",
    "https://deno.land/x/deno_dom@v0.1.38/src/dom/selectors/nwsapi.js": "985d7d8fc1eabbb88946b47a1c44c1b2d4aa79ff23c21424219f1528fa27a2ff",
    "https://deno.land/x/deno_dom@v0.1.38/src/dom/selectors/selectors.ts": "83eab57be2290fb48e3130533448c93c6c61239f2a2f3b85f1917f80ca0fdc75",
    "https://deno.land/x/deno_dom@v0.1.38/src/dom/selectors/sizzle-types.ts": "78149e2502409989ce861ed636b813b059e16bc267bb543e7c2b26ef43e4798b",
    "https://deno.land/x/deno_dom@v0.1.38/src/dom/selectors/sizzle.js": "c3aed60c1045a106d8e546ac2f85cc82e65f62d9af2f8f515210b9212286682a",
    "https://deno.land/x/deno_dom@v0.1.38/src/dom/utils-types.ts": "96db30e3e4a75b194201bb9fa30988215da7f91b380fca6a5143e51ece2a8436",
    "https://deno.land/x/deno_dom@v0.1.38/src/dom/utils.ts": "55f3e9dc71d6c4a54605888d3f99d26fb0cf9973924709f159252a6933ceeabe",
    "https://deno.land/x/deno_dom@v0.1.38/src/parser.ts": "b65eb7e673fa7ca611de871de109655f0aa9fa35ddc1de73df1a5fc2baafc332",
    "https://deno.land/x/denoflate@1.2.1/mod.ts": "f5628e44b80b3d80ed525afa2ba0f12408e3849db817d47a883b801f9ce69dd6",
    "https://deno.land/x/denoflate@1.2.1/pkg/denoflate.js": "b9f9ad9457d3f12f28b1fb35c555f57443427f74decb403113d67364e4f2caf4",
    "https://deno.land/x/denoflate@1.2.1/pkg/denoflate_bg.wasm.js": "d581956245407a2115a3d7e8d85a9641c032940a8e810acbd59ca86afd34d44d",
    "https://deno.land/x/esbuild@v0.17.11/mod.d.ts": "dc279a3a46f084484453e617c0cabcd5b8bd1920c0e562e4ea02dfc828c8f968",
    "https://deno.land/x/esbuild@v0.17.11/mod.js": "4f4e61964a551d9c0baf5bb19e973cf631cf8c66ddaf01e70070f8a100fc938c",
    "https://deno.land/x/esbuild@v0.17.11/wasm.d.ts": "dc279a3a46f084484453e617c0cabcd5b8bd1920c0e562e4ea02dfc828c8f968",
    "https://deno.land/x/esbuild@v0.17.11/wasm.js": "4030e7b50941ec6e06704c6b5f1f6416cc0f7f35f63daf63f184b728bea79a30",
    "https://deno.land/x/fresh@1.1.6/dev.ts": "a66c7d64be35bcd6a8e12eec9c27ae335044c70363a241f2e36ee776db468622",
    "https://deno.land/x/fresh@1.1.6/plugins/twind.ts": "c0570d6010e29ba24ee5f43b9d3f1fe735f7fac76d9a3e680c9896373d669876",
    "https://deno.land/x/fresh@1.1.6/plugins/twind/shared.ts": "023e0ffcd66668753b5049edab0de46e6d66194fb6026c679034b9bbf04ad6f3",
    "https://deno.land/x/fresh@1.1.6/runtime.ts": "b02ec1e2e32cf73a33d262b7c9dcab9468ce16cd89fd424196c71003698a4ab0",
    "https://deno.land/x/fresh@1.1.6/server.ts": "f379c9aad24471a71e58fb887fa57e5cc27ad9df035987eb260541c78df38e84",
    "https://deno.land/x/fresh@1.1.6/src/dev/deps.ts": "aef312af6de1315fa95fc0c32e87c56301b64efeb304193d0dce0da0634144d3",
    "https://deno.land/x/fresh@1.1.6/src/dev/error.ts": "21a38d240c00279662e6adde41367f1da0ae7e2836d993f818ea94aabab53e7b",
    "https://deno.land/x/fresh@1.1.6/src/dev/mod.ts": "14baa66a064961afcbad74748eeb2b99ce4bb246223ed69d8cc35b073e49b039",
    "https://deno.land/x/fresh@1.1.6/src/runtime/csp.ts": "9ee900e9b0b786057b1009da5976298c202d1b86d1f1e4d2510bde5f06530ac9",
    "https://deno.land/x/fresh@1.1.6/src/runtime/head.ts": "0f9932874497ab6e57ed1ba01d549e843523df4a5d36ef97460e7a43e3132fdc",
    "https://deno.land/x/fresh@1.1.6/src/runtime/utils.ts": "8320a874a44bdd5905c7d4b87a0e7a14a6c50a2ed133800e72ae57341e4d4faa",
    "https://deno.land/x/fresh@1.1.6/src/server/bundle.ts": "b96944f3780a8e9608372f335594104dd31391265d14126d9a9086469a9b6fb8",
    "https://deno.land/x/fresh@1.1.6/src/server/constants.ts": "9708458032582b57b1a211437503c79089b3d656b9a48e6bbd210fe2ea33a126",
    "https://deno.land/x/fresh@1.1.6/src/server/context.ts": "f87a4bd21df4406a063b67724999a53adf52e922616987d1773da673d6b7874e",
    "https://deno.land/x/fresh@1.1.6/src/server/default_error_page.ts": "9a1a595a1a2b31c9b724b04db82b8af256285536db272658d831ac9ef1d3d448",
    "https://deno.land/x/fresh@1.1.6/src/server/deps.ts": "05a0fa7acc38d5a2c95e9c534f0d310a070aa8fd6e4985573c22e13212c83a75",
    "https://deno.land/x/fresh@1.1.6/src/server/htmlescape.ts": "834ac7d0caa9fc38dffd9b8613fb47aeecd4f22d5d70c51d4b20a310c085835c",
    "https://deno.land/x/fresh@1.1.6/src/server/mod.ts": "72d213444334dd2e94c757a0eee0fc486c0919399ea9184d07ad042f34edd00d",
    "https://deno.land/x/fresh@1.1.6/src/server/render.ts": "6f50707bd1f6e33ed84bb71ae3b0996d202b953cefc4285f5356524c7b21f01f",
    "https://deno.land/x/fresh@1.1.6/src/server/router.ts": "5d3fb08a00cf2302d7ab783cc30b84cfe71ca0fc8f8b68299e65d3ef275984d8",
    "https://deno.land/x/fresh@1.1.6/src/server/types.ts": "425df48b913d981beaf30c891655e856861f1f74145d0761891851fcdf0ed99f",
    "https://deno.land/x/importmap@0.2.1/_util.ts": "ada9a9618b537e6c0316c048a898352396c882b9f2de38aba18fd3f2950ede89",
    "https://deno.land/x/importmap@0.2.1/mod.ts": "ae3d1cd7eabd18c01a4960d57db471126b020f23b37ef14e1359bbb949227ade",
    "https://deno.land/x/sqlite@v3.7.2/build/sqlite.d.ts": "d724a21a588a0e19ae46a3476349fe5d75e896735e7362ea8cf997ffad35d0f9",
    "https://deno.land/x/sqlite@v3.7.2/build/sqlite.js": "c59f109f100c2bae0b9342f04e0d400583e2e3211d08bb71095177a4109ee5bf",
    "https://deno.land/x/sqlite@v3.7.2/build/vfs.js": "08533cc78fb29b9d9bd62f6bb93e5ef333407013fed185776808f11223ba0e70",
    "https://deno.land/x/sqlite@v3.7.2/mod.ts": "e09fc79d8065fe222578114b109b1fd60077bff1bb75448532077f784f4d6a83",
    "https://deno.land/x/sqlite@v3.7.2/src/constants.ts": "90f3be047ec0a89bcb5d6fc30db121685fc82cb00b1c476124ff47a4b0472aa9",
    "https://deno.land/x/sqlite@v3.7.2/src/db.ts": "62f3ad4d593c07e7c64fbbd97da6b4579ea695f8d11d52d899661e9d42a400fd",
    "https://deno.land/x/sqlite@v3.7.2/src/error.ts": "f7a15cb00d7c3797da1aefee3cf86d23e0ae92e73f0ba3165496c3816ab9503a",
    "https://deno.land/x/sqlite@v3.7.2/src/function.ts": "e4c83b8ec64bf88bafad2407376b0c6a3b54e777593c70336fb40d43a79865f2",
    "https://deno.land/x/sqlite@v3.7.2/src/query.ts": "d58abda928f6582d77bad685ecf551b1be8a15e8e38403e293ec38522e030cad",
    "https://deno.land/x/sqlite@v3.7.2/src/wasm.ts": "e79d0baa6e42423257fb3c7cc98091c54399254867e0f34a09b5bdef37bd9487",
    "https://deno.land/x/ts_morph@17.0.1/common/DenoRuntime.ts": "537800e840d0994f9055164e11bf33eadf96419246af0d3c453793c3ae67bdb3",
    "https://deno.land/x/ts_morph@17.0.1/common/mod.ts": "01985d2ee7da8d1caee318a9d07664774fbee4e31602bc2bb6bb62c3489555ed",
    "https://deno.land/x/ts_morph@17.0.1/common/ts_morph_common.d.ts": "ee7767b0c68b23c65bb607c94b6cb3512e8237fbcb7d1d8383a33235cde2c068",
    "https://deno.land/x/ts_morph@17.0.1/common/ts_morph_common.js": "49a79124b941ba2b35d81ac9eb90fc33c957b2640cdb97569c1941bac5a3bbdb",
    "https://deno.land/x/ts_morph@17.0.1/common/typescript.d.ts": "57e52a0882af4e835473dda27e4316cc31149866970210f9f79b940e916b7838",
    "https://deno.land/x/ts_morph@17.0.1/common/typescript.js": "5dd669eb199ee2a539924c63a92e23d95df43dfe2fbe3a9d68c871648be1ad5e",
    "https://deno.land/x/ts_morph@17.0.1/mod.ts": "adba9b82f24865d15d2c78ef6074b9a7457011719056c9928c800f130a617c93",
    "https://deno.land/x/ts_morph@17.0.1/ts_morph.d.ts": "a54b0c51b06d84defedf5fdd59c773d803808ae7c9678f7165f7a1a6dfa7f6a3",
    "https://deno.land/x/ts_morph@17.0.1/ts_morph.js": "1bb80284b9e31a4c5c2078cd533fe9b12b4b2d710267055cb655225aa88fb2df",
    "https://deno.land/x/zipjs@v2.7.14/index.d.ts": "f1c412d1721597eafd2b665ec002ddfb982a8818e32fb6a4d3cab1a86134db40",
    "https://deno.land/x/zipjs@v2.7.14/index.js": "7c71926e0c9618e48a22d9dce701131704fd3148a1d2eefd5dba1d786c846a5f",
    "https://deno.land/x/zipjs@v2.7.14/lib/core/codec-pool.js": "e5ab8ee3ec800ed751ef1c63a1bd8e50f162aa256a5f625d173d7a32e76e828c",
    "https://deno.land/x/zipjs@v2.7.14/lib/core/codec-worker.js": "396e281865a87b708a08d212661f239b8f2dd4ae0d936ff4a681bbbf79a1cc32",
    "https://deno.land/x/zipjs@v2.7.14/lib/core/configuration.js": "baa316a63df2f8239f9d52cd4863eaedaddd34ad887b7513588da75d19e84932",
    "https://deno.land/x/zipjs@v2.7.14/lib/core/constants.js": "c1aff78c6b9378b26ab4330e85032160ebf1f2d09a99e5e6907626f816e88908",
    "https://deno.land/x/zipjs@v2.7.14/lib/core/io.js": "552aa60c7bdae34081a94e6e27cb0515bde7398187fd02eb7d71408698f22f25",
    "https://deno.land/x/zipjs@v2.7.14/lib/core/streams/aes-crypto-stream.js": "63988c9f3ce1e043c80e6eb140ebb07bf2ab543ee9a85349651ab74b96aab2cf",
    "https://deno.land/x/zipjs@v2.7.14/lib/core/streams/codec-stream.js": "685f1120b94b6295dcd61b195d6202cd24a5344e4588dc52f42e8ac0f9dfe294",
    "https://deno.land/x/zipjs@v2.7.14/lib/core/streams/codecs/crc32.js": "dfdde666f72b4a5ffc8cf5b1451e0db578ce4bd90de20df2cff5bfd47758cb23",
    "https://deno.land/x/zipjs@v2.7.14/lib/core/streams/codecs/deflate.js": "08c1b24d1845528f6db296570d690ecbe23c6c01c6cb26b561e601e770281c3a",
    "https://deno.land/x/zipjs@v2.7.14/lib/core/streams/codecs/inflate.js": "55d00eed332cf2c4f61e2ee23133e3257768d0608572ee3f9641a2921c3a6f67",
    "https://deno.land/x/zipjs@v2.7.14/lib/core/streams/codecs/sjcl.js": "462289c5312f01bba8a757a7a0f3d8f349f471183cb4c49fb73d58bba18a5428",
    "https://deno.land/x/zipjs@v2.7.14/lib/core/streams/common-crypto.js": "4d462619848d94427fcd486fd94e5c0741af60e476df6720da8224b086eba47e",
    "https://deno.land/x/zipjs@v2.7.14/lib/core/streams/crc32-stream.js": "10e26bd18df0e1e89d61a62827a1a1c19f4e541636dd0eccbd85af3afabce289",
    "https://deno.land/x/zipjs@v2.7.14/lib/core/streams/stream-adapter.js": "9e7f3fe1601cc447943cd37b5adb6d74c6e9c404d002e707e8eace7bc048929c",
    "https://deno.land/x/zipjs@v2.7.14/lib/core/streams/zip-crypto-stream.js": "19305af1e8296e7fa6763f3391d0b8149a1e09c659e1d1ff32a484448b18243c",
    "https://deno.land/x/zipjs@v2.7.14/lib/core/streams/zip-entry-stream.js": "fff940b1aefa0cb95962634ab6a52df835361541b454e77747e878bcef17cd9e",
    "https://deno.land/x/zipjs@v2.7.14/lib/core/util/cp437-decode.js": "d665ded184037ffe5d255be8f379f90416053e3d0d84fac95b28f4aeaab3d336",
    "https://deno.land/x/zipjs@v2.7.14/lib/core/util/decode-text.js": "c04a098fa7c16470c48b6abd4eb4ac48af53547de65e7c8f39b78ae62330ad57",
    "https://deno.land/x/zipjs@v2.7.14/lib/core/util/default-mime-type.js": "177ae00e1956d3d00cdefc40eb158cb591d3d24ede452c056d30f98d73d9cd73",
    "https://deno.land/x/zipjs@v2.7.14/lib/core/util/encode-text.js": "c51a8947c15b7fe31b0036b69fd68817f54b30ce29502b5c9609d8b15e3b20d9",
    "https://deno.land/x/zipjs@v2.7.14/lib/core/util/mime-type.js": "7e4f0d516923f7dcf5cd14a0d06e2b7af9dacd160c707afac82f3ce6c69ae287",
    "https://deno.land/x/zipjs@v2.7.14/lib/core/util/stream-codec-shim.js": "845c0659c6ab9ed9b03cae452255e4e0a699001e8b45ccae23cb0ece5f91064c",
    "https://deno.land/x/zipjs@v2.7.14/lib/core/zip-entry.js": "d30a535cd1e75ef98094cd04120f178c103cdc4055d23ff747ffc6a154da8d2d",
    "https://deno.land/x/zipjs@v2.7.14/lib/core/zip-fs-core.js": "fa57704140bdd73b991917ed63c660b95e8d228e00b519d6bfb592f4e419cb7f",
    "https://deno.land/x/zipjs@v2.7.14/lib/core/zip-reader.js": "b3b17325500ea5f06f3828f82a844f514afeb424969f013318cc939f69d94d3b",
    "https://deno.land/x/zipjs@v2.7.14/lib/core/zip-writer.js": "34809b421f5deb497ce8cabec730af858c12dde54a6205c78b5591460785dc1e",
    "https://deno.land/x/zipjs@v2.7.14/lib/z-worker-inline.js": "df83d91413a2e79f76924f39f26f59e6efbe8f5487d3a91b7e92b6d64236927c",
    "https://deno.land/x/zipjs@v2.7.14/lib/zip-fs.js": "a733360302f5fbec9cc01543cb9fcfe7bae3f35a50d0006626ce42fe8183b63f",
    "https://esm.sh/*preact-render-to-string@5.2.6": "88ec8d8706b6a3f1e0fdad3862a2690dcd9b350d87bdc8e7bd0e27fbc0f7d29e",
    "https://esm.sh/preact-material-components@1.6.1/Button": "bc60923d511c6e2e33a7064339b3e643a9c15e3ef232ab063ef570af2ef83dc8",
    "https://esm.sh/preact-material-components@1.6.1/Checkbox": "bf34f5cd8c6d015916d854d91aab2caf115463e97be9a461f8dd3370ea11a49c",
    "https://esm.sh/preact-material-components@1.6.1/Icon": "e15153f88485e448a8d5ee9d1399205717b41d9cb72bd5824c3b42e1dc463cf6",
    "https://esm.sh/preact-material-components@1.6.1/List": "5eefaedd7a0f66843c1a1de658f4058b6fc1bbdcd0af1ec627c0f9412f4510c5",
    "https://esm.sh/preact-material-components@1.6.1/TopAppBar": "e418485020aecb866d9cc44216cd52c5ac1ff120bd1ad422b318428c274b3474",
    "https://esm.sh/preact@10.13.1": "ae382301328ab874e2c42bee76e261bb8d094673fe76ca7eb71917636d43d8ad",
    "https://esm.sh/preact@10.13.1/hooks": "1813f80c6d648f8137a62569e35972b0716f92539f192d6db66d45b7aafea43a",
    "https://esm.sh/preact@10.13.1/jsx-runtime": "0caf2b2eade93af59e89abc31816b6cb2829a9b8a82b958c0ebc1d8bec241e2a",
    "https://esm.sh/stable/preact@10.13.1/deno/hooks.js": "f25445c4f9fa6742119c41db4a85a2f75ee6ea941c506ae8ad3b1568c7692c61",
    "https://esm.sh/stable/preact@10.13.1/deno/jsx-runtime.js": "7c8e1b8f272996846cbac0837dcb71f6f8cfc82611b3f7819501d07c37383dc0",
    "https://esm.sh/stable/preact@10.13.1/deno/preact.mjs": "9b73545225d0ed274c89f39aee524a2857c81a73060e80c2c4bdc2a6de7bec26",
    "https://esm.sh/stable/preact@10.14.1/deno/preact.mjs": "f51b1a99f29fa9879d70dc283bb8f42ce9beef99aa93dd6ca969f297e101e964",
    "https://esm.sh/stable/preact@10.15.0/deno/preact.mjs": "a5ce3f9331d537fb190ea0655f77fb1923e606799fb63bf7964c8ce6bd253baf",
    "https://esm.sh/twind@0.16.19": "e6db0352eb940ca8cdbf129fe4520809916d002b8ccc2e2fc7f8551138f7a161",
    "https://esm.sh/twind@0.16.19/sheets": "3472c3c28394aa25c026ff81a393361e71aca014b3b8db5d6c67396e60f87cc9",
    "https://esm.sh/v118/preact@10.13.1/hooks/src/index.d.ts": "5c29febb624fc25d71cb0e125848c9b711e233337a08f7eacfade38fd4c14cc3",
    "https://esm.sh/v118/preact@10.13.1/jsx-runtime/src/index.d.ts": "e153460ed2b3fe2ad8b93696ecd48fbf73cd628b0b0ea6692b71804a3af69dfd",
    "https://esm.sh/v118/preact@10.13.1/src/index.d.ts": "65398710de6aa0a07412da79784e05e6e96763f51c7c91b77344d2d0af06385c",
    "https://esm.sh/v118/preact@10.13.1/src/jsx.d.ts": "fde41cfb4944bcc5005e653c989ef8f85deb1cbb5364a1726654993937cd08d0",
    "https://esm.sh/v118/preact@10.14.1/src/index.d.ts": "65398710de6aa0a07412da79784e05e6e96763f51c7c91b77344d2d0af06385c",
    "https://esm.sh/v118/preact@10.14.1/src/jsx.d.ts": "de467cd980f79a13bf3026146afed7173a3634e7d6415d349184663c67174c0c",
    "https://esm.sh/v118/preact@10.15.0/src/index.d.ts": "65398710de6aa0a07412da79784e05e6e96763f51c7c91b77344d2d0af06385c",
    "https://esm.sh/v118/preact@10.15.0/src/jsx.d.ts": "1b91f662e58a27ec1af166842ac814c8665404d3789a76ff1e3248f009a29de6",
    "https://esm.sh/v122/@babel/runtime@7.21.5/deno/helpers/classCallCheck.js": "678d4a1fc837f06947628e73a957e1f017fe30c77e8500008ec9a5977563c4f9",
    "https://esm.sh/v122/@babel/runtime@7.21.5/deno/helpers/createClass.js": "4205e44f1238343af0a0e0ebc92cfb043382600f54c3e53aa4e6801c9bec7a44",
    "https://esm.sh/v122/@babel/runtime@7.21.5/deno/helpers/get.js": "2021a8fa9d0d4880ece83c1d93266ac1d7414430f4f4671691a336ef3aa25dbe",
    "https://esm.sh/v122/@babel/runtime@7.21.5/deno/helpers/getPrototypeOf.js": "41e694838de6926a04a013646f2b3915afa24a57a9301f3e226eadc78fa32e76",
    "https://esm.sh/v122/@babel/runtime@7.21.5/deno/helpers/inherits.js": "09429b866edd8b9dd67dab992f9ad8865c19e15ffecde5ff632e4929755e2807",
    "https://esm.sh/v122/@babel/runtime@7.21.5/deno/helpers/interopRequireDefault.js": "273ebefd452416883e9e517a620b46197b732a9ee384dfcb2ef33f731b7293d4",
    "https://esm.sh/v122/@babel/runtime@7.21.5/deno/helpers/possibleConstructorReturn.js": "c48587b6a4194dac1f823e4706c67a286187cec9f29d35aac06df940443baa51",
    "https://esm.sh/v122/@babel/runtime@7.21.5/deno/helpers/typeof.js": "ea8e5723c88f83ac7cfbb5728d38e20449f7387093b2825e6c8c81fdc50a7f32",
    "https://esm.sh/v122/@material/base@0.39.0/deno/component.js": "031f373ae497c52e9b7050165e31dc6e708aebe2b2df027b25c897ce4b7cd43a",
    "https://esm.sh/v122/@material/base@0.39.0/deno/foundation.js": "4edd0737b3601305ffe599556e98e4861542210744da83af19194c8c4f50c0e0",
    "https://esm.sh/v122/@material/ripple@0.39.3/deno/adapter.js": "29b56c7005653c22ce0d167db65b802e14903e2ba67164824d0be6364309117f",
    "https://esm.sh/v122/@material/ripple@0.39.3/deno/constants.js": "f8a80510d9c102aacc87c0fdcdd665118685d53f18948f7eabe275b2c85512a8",
    "https://esm.sh/v122/@material/ripple@0.39.3/deno/foundation.js": "691312af51a78412d5bea70fee6d85cd3c2e6beb6e39a5ad878496d874b9633a",
    "https://esm.sh/v122/@material/ripple@0.39.3/deno/index.js": "379c671f75219f71074e9d5fc1d790325d4ef469e0268d509147afaab67c6e8a",
    "https://esm.sh/v122/@material/ripple@0.39.3/deno/ripple.mjs": "a915efddd4cf20bc2bbb187fc44655b1d9919d563be67053fa9b71b78cd05df5",
    "https://esm.sh/v122/@material/ripple@0.39.3/deno/util.js": "4df787664fc517d4545bb7d502f85de3b34cfa613e34edd6b4630ea21e673cf2",
    "https://esm.sh/v122/@material/top-app-bar@0.39.3/deno/top-app-bar.mjs": "e7de012030af2ce0baac3cff6c96adc206f763cea07924a8c714fd4a83b6a18f",
    "https://esm.sh/v122/bind-decorator@1.0.11/deno/bind-decorator.mjs": "21a126bdebaca6e38120139d903c3485c4f57e15487646666e79c1b5c15d0e44",
    "https://esm.sh/v122/preact-material-components@1.6.1/Base/MaterialComponent.d.ts": "af619a28f2d2f76113e29e952308a2ce46577438f7ed40531458b880ff9a141f",
    "https://esm.sh/v122/preact-material-components@1.6.1/Base/types.d.ts": "4ec93636595145b9c5cdd628111f28e66148821c23c8ef6273f84bb84a6b8eb8",
    "https://esm.sh/v122/preact-material-components@1.6.1/Button/index.d.ts": "3744521d359e3ccf04f115ac731e3304ff8d5901b7d7bcb617de5d88833fdb5c",
    "https://esm.sh/v122/preact-material-components@1.6.1/Icon/index.d.ts": "b2c27c8b912f07f20025951d9d05b2e4fb07c773d43db567b930e59b1c444f1c",
    "https://esm.sh/v122/preact-material-components@1.6.1/List/index.d.ts": "b4159279b6622abbf057385c2b155875dc7e80bdd4403def72d1c0cf58324c73",
    "https://esm.sh/v122/preact-material-components@1.6.1/TopAppBar/index.d.ts": "d921bd9336541339b0fff19e0769cea149b798bc172d261a7b7a1595f6b90266",
    "https://esm.sh/v122/preact-material-components@1.6.1/deno/Base/MaterialComponent.js": "7dca052dee2ab5010232055eac4a3159c8455e9b2857870525f7002cb50160bd",
    "https://esm.sh/v122/preact-material-components@1.6.1/deno/Button.js": "d60a9ea2eff985808ee0f491579b88dd30e6ce8bf0cb95ac2e7e9c2da9b0c0f3",
    "https://esm.sh/v122/preact-material-components@1.6.1/deno/Icon.js": "44e17e354a08a2421fffcca3493efa60cc92e2357d410ed387e40f5d34da0ee2",
    "https://esm.sh/v122/preact-material-components@1.6.1/deno/List.js": "6e908d2bac752351683097bcc22ea26d8e46009c60bc3cee2312728af2f60776",
    "https://esm.sh/v122/preact-material-components@1.6.1/deno/TopAppBar.js": "ab7ec4fa168d7867961b9fd818e10d138ffb075c20ea4b11f6d231318d897145",
    "https://esm.sh/v122/preact-material-components@1.6.1/deno/themeUtils/generateThemeClass.js": "5ec3dd1474bfb68d60ae2c06c90a3faab4e1f79597807d1e72ff5608b05f0a44",
    "https://esm.sh/v124/@babel/runtime@7.21.5/deno/helpers/classCallCheck.js": "678d4a1fc837f06947628e73a957e1f017fe30c77e8500008ec9a5977563c4f9",
    "https://esm.sh/v124/@babel/runtime@7.21.5/deno/helpers/createClass.js": "4205e44f1238343af0a0e0ebc92cfb043382600f54c3e53aa4e6801c9bec7a44",
    "https://esm.sh/v124/@babel/runtime@7.21.5/deno/helpers/get.js": "2021a8fa9d0d4880ece83c1d93266ac1d7414430f4f4671691a336ef3aa25dbe",
    "https://esm.sh/v124/@babel/runtime@7.21.5/deno/helpers/getPrototypeOf.js": "41e694838de6926a04a013646f2b3915afa24a57a9301f3e226eadc78fa32e76",
    "https://esm.sh/v124/@babel/runtime@7.21.5/deno/helpers/inherits.js": "09429b866edd8b9dd67dab992f9ad8865c19e15ffecde5ff632e4929755e2807",
    "https://esm.sh/v124/@babel/runtime@7.21.5/deno/helpers/interopRequireDefault.js": "273ebefd452416883e9e517a620b46197b732a9ee384dfcb2ef33f731b7293d4",
    "https://esm.sh/v124/@babel/runtime@7.21.5/deno/helpers/possibleConstructorReturn.js": "c48587b6a4194dac1f823e4706c67a286187cec9f29d35aac06df940443baa51",
    "https://esm.sh/v124/@babel/runtime@7.21.5/deno/helpers/typeof.js": "ea8e5723c88f83ac7cfbb5728d38e20449f7387093b2825e6c8c81fdc50a7f32",
    "https://esm.sh/v124/@material/animation@0.39.0/deno/index.js": "e3a5feaecaada6d930cdee2e4c48eab2d7a44e0c37074614993463d2d74002a3",
    "https://esm.sh/v124/@material/base@0.39.0/deno/component.js": "aca74f4f0a80339f5bbba649c24b374ded56762679ea161a3db9563de595cec2",
    "https://esm.sh/v124/@material/base@0.39.0/deno/foundation.js": "4edd0737b3601305ffe599556e98e4861542210744da83af19194c8c4f50c0e0",
    "https://esm.sh/v124/@material/checkbox@0.39.3/deno/checkbox.mjs": "8f90b149efea9633436d5b5aff73686494f7872a5d51de56036ec9c8c2178892",
    "https://esm.sh/v124/@material/ripple@0.39.3/deno/adapter.js": "29b56c7005653c22ce0d167db65b802e14903e2ba67164824d0be6364309117f",
    "https://esm.sh/v124/@material/ripple@0.39.3/deno/constants.js": "f8a80510d9c102aacc87c0fdcdd665118685d53f18948f7eabe275b2c85512a8",
    "https://esm.sh/v124/@material/ripple@0.39.3/deno/foundation.js": "f3032b8f3ef0477cf7767362af38f7242df17efdaeb768289074ca4f8c66410e",
    "https://esm.sh/v124/@material/ripple@0.39.3/deno/index.js": "c26a075e8ac462902a1014d7b5dd0c0147428b3673a959d28f595b0c3db17368",
    "https://esm.sh/v124/@material/ripple@0.39.3/deno/ripple.mjs": "df299ee5ebdca82a60414bd942f39bd08eddb47071b7e8e1bcb2ae87f73f2c94",
    "https://esm.sh/v124/@material/ripple@0.39.3/deno/util.js": "4df787664fc517d4545bb7d502f85de3b34cfa613e34edd6b4630ea21e673cf2",
    "https://esm.sh/v124/@material/selection-control@0.39.3/deno/index.js": "de08ffa76efb31c7fe817ea4a6da471cfe19060f49a21c6cbe6aa9533dc95aa1",
    "https://esm.sh/v124/bind-decorator@1.0.11/deno/bind-decorator.mjs": "21a126bdebaca6e38120139d903c3485c4f57e15487646666e79c1b5c15d0e44",
    "https://esm.sh/v124/csstype@3.1.2/index.d.ts": "4c68749a564a6facdf675416d75789ee5a557afda8960e0803cf6711fa569288",
    "https://esm.sh/v124/preact-material-components@1.6.1/Base/MaterialComponent.d.ts": "2ea7a1ffbff6c43619f3f85d69a9e9a3c62575f409fc93ad651f6906adba47d0",
    "https://esm.sh/v124/preact-material-components@1.6.1/Base/types.d.ts": "4ec93636595145b9c5cdd628111f28e66148821c23c8ef6273f84bb84a6b8eb8",
    "https://esm.sh/v124/preact-material-components@1.6.1/Checkbox/index.d.ts": "034ffead571baad3e10bf34ca33de3ff4829ecb42b9a466766edca59851c10bf",
    "https://esm.sh/v124/preact-material-components@1.6.1/Icon/index.d.ts": "b2c27c8b912f07f20025951d9d05b2e4fb07c773d43db567b930e59b1c444f1c",
    "https://esm.sh/v124/preact-material-components@1.6.1/deno/Base/MaterialComponent.js": "a1ec4698c20561f82924708a3d728cdd4ba2c8b3cd895fe3b060c17911528c5c",
    "https://esm.sh/v124/preact-material-components@1.6.1/deno/Checkbox.js": "33efdefd473e9df5d0f5a0e56eb0df00bdd6e60a689755e2d0375aaac4108b76",
    "https://esm.sh/v124/preact-material-components@1.6.1/deno/Icon.js": "9d5ff5fb97a2a4005cf7bb2091e716ca77f920363c68c84108f1dc5e77bb7b7d",
    "https://esm.sh/v124/preact-render-to-string@5.2.6/X-ZS8q/deno/preact-render-to-string.mjs": "672116885c5e5072207c527a0ec663f5bc52774a0868ec487985109520382a55",
    "https://esm.sh/v124/preact-render-to-string@5.2.6/X-ZS8q/src/index.d.ts": "b1d73703252c8570fdf2952475805f5808ba3511fefbd93a3e7bd8406de7dcd0",
    "https://esm.sh/v124/style-vendorizer@2.2.3/deno/style-vendorizer.mjs": "fb725497dd9621a84f552f9b6a4f3df82af5989ff18c40e972de1bdf475c9765",
    "https://esm.sh/v124/twind@0.16.19/deno/sheets.js": "dcdb26e5d2860d9fff3ad81b81625799e501d465efdc99b206d3b7cd94151913",
    "https://esm.sh/v124/twind@0.16.19/deno/twind.mjs": "ac4bf729653ee66349a518ee4949f22e84b7f626e8f74de1066e798a7c1ca12a",
    "https://esm.sh/v124/twind@0.16.19/sheets/sheets.d.ts": "9cd4663d180023e49d9379777c8926347f3f79bf3bee546e7e5be1524fe55e70",
    "https://esm.sh/v124/twind@0.16.19/twind.d.ts": "48c49da7d770f1236ec8a9397af053e6fb5a2bedacf431f2189eeecc1468c01b",
    "https://raw.githubusercontent.com/lucacasonato/esbuild_deno_loader/8031f71afa1bbcd3237a94b11f53a2e5c5c0e7bf/deps.ts": "b7248e5b750be62613a9417f407e65ed43726d83b11f9631d6dbb58634bbd7d1",
    "https://raw.githubusercontent.com/lucacasonato/esbuild_deno_loader/8031f71afa1bbcd3237a94b11f53a2e5c5c0e7bf/mod.ts": "3e507379372361162f93325a216b86f6098defb5bb60144555b507bca26d061f",
    "https://raw.githubusercontent.com/lucacasonato/esbuild_deno_loader/8031f71afa1bbcd3237a94b11f53a2e5c5c0e7bf/src/deno.ts": "71bee6b14e72ca193c0686d8b4f1f47d639a64745b6f5c7576f7a3616f436f57",
    "https://raw.githubusercontent.com/lucacasonato/esbuild_deno_loader/8031f71afa1bbcd3237a94b11f53a2e5c5c0e7bf/src/native_loader.ts": "2a0f5a7b68a57c4651ad48161b32532356b434597a6cf282683427482b38f6fa",
    "https://raw.githubusercontent.com/lucacasonato/esbuild_deno_loader/8031f71afa1bbcd3237a94b11f53a2e5c5c0e7bf/src/portable_loader.ts": "47adb6d9a00f13a87d0a15f2af79118eb93503234008c31392d71270bc0a42fa",
    "https://raw.githubusercontent.com/lucacasonato/esbuild_deno_loader/8031f71afa1bbcd3237a94b11f53a2e5c5c0e7bf/src/shared.ts": "007e8d575cb6ebcac4110f1f72188a8bec3aa29287b4ad26e98403c00bebf036"
  }
}
